
Microsoft Visual Studio Solution File, Format Version 12.00
# Visual Studio Version 16
VisualStudioVersion = 16.0.32002.261
MinimumVisualStudioVersion = 10.0.40219.1
Project("{FAE04EC0-301F-11D3-BF4B-00C04F79EFBC}") = "Finalproject", "Finalproject\Finalproject.csproj", "{B622638E-F203-41A1-80B6-009CD8ADBA3F}"
EndProject
Global
	GlobalSection(SolutionConfigurationPlatforms) = preSolution
		Debug|Any CPU = Debug|Any CPU
		Release|Any CPU = Release|Any CPU
	EndGlobalSection
	GlobalSection(ProjectConfigurationPlatforms) = postSolution
		{B622638E-F203-41A1-80B6-009CD8ADBA3F}.Debug|Any CPU.ActiveCfg = Debug|Any CPU
		{B622638E-F203-41A1-80B6-009CD8ADBA3F}.Debug|Any CPU.Build.0 = Debug|Any CPU
		{B622638E-F203-41A1-80B6-009CD8ADBA3F}.Release|Any CPU.ActiveCfg = Release|Any CPU
		{B622638E-F203-41A1-80B6-009CD8ADBA3F}.Release|Any CPU.Build.0 = Release|Any CPU
	EndGlobalSection
	GlobalSection(SolutionProperties) = preSolution
		HideSolutionNode = FALSE
	EndGlobalSection
	GlobalSection(ExtensibilityGlobals) = postSolution
		SolutionGuid = {55924F55-EEC8-47EE-94D5-790360F4A3C8}
	EndGlobalSection
EndGlobal
